{
  "name": "gun-super-peer-example",
  "version": "0.1.0",
  "lockfileVersion": 1,
  "requires": true,
  "dependencies": {
    "async-limiter": {
      "version": "1.0.0",
      "resolved": "https://registry.npmjs.org/async-limiter/-/async-limiter-1.0.0.tgz",
      "integrity": "sha512-jp/uFnooOiO+L211eZOoSyzpOITMXx1rBITauYykG3BRYPu8h0UcxsPNB04RR5vo4Tyz3+ay17tR6JVf9qzYWg=="
    },
    "gun": {
      "version": "0.9.9993",
      "resolved": "https://registry.npmjs.org/gun/-/gun-0.9.9993.tgz",
      "integrity": "sha512-21S25wn6w8Rno0jIbXrFfPSNhfcMJcSrfsrbBBlJD6NX23zrgsiHt031qJn4w/p7pJSNuPk8dl/pLXlmi7uf/Q==",
      "requires": {
        "ws": "5.2.1"
      }
    },
    "ws": {
      "version": "5.2.1",
      "resolved": "https://registry.npmjs.org/ws/-/ws-5.2.1.tgz",
      "integrity": "sha512-2NkHdPKjDBj3CHdnAGNpmlliryKqF+n9MYXX7/wsVC4yqYocKreKNjydPDvT3wShAZnndlM0RytEfTALCDvz7A==",
      "requires": {
        "async-limiter": "1.0.0"
      }
    }
  }
}
